
Microsoft Visual Studio Solution File, Format Version 12.00
# Visual Studio Version 16
VisualStudioVersion = 16.0.32106.194
MinimumVisualStudioVersion = 10.0.40219.1
Project("{9A19103F-16F7-4668-BE54-9A1E7A4F7556}") = "TCRS.Web", "TCRS.Web\TCRS.Web.csproj", "{3AAE79A5-6E4F-4CE1-9803-EF0BACF4D894}"
EndProject
Project("{9A19103F-16F7-4668-BE54-9A1E7A4F7556}") = "PersianTranslation", "PersianTranslation\PersianTranslation.csproj", "{E0A53748-946D-4059-905D-419A6B7B9BDE}"
EndProject
Global
	GlobalSection(SolutionConfigurationPlatforms) = preSolution
		Debug|Any CPU = Debug|Any CPU
		Release|Any CPU = Release|Any CPU
	EndGlobalSection
	GlobalSection(ProjectConfigurationPlatforms) = postSolution
		{3AAE79A5-6E4F-4CE1-9803-EF0BACF4D894}.Debug|Any CPU.ActiveCfg = Debug|Any CPU
		{3AAE79A5-6E4F-4CE1-9803-EF0BACF4D894}.Debug|Any CPU.Build.0 = Debug|Any CPU
		{3AAE79A5-6E4F-4CE1-9803-EF0BACF4D894}.Release|Any CPU.ActiveCfg = Release|Any CPU
		{3AAE79A5-6E4F-4CE1-9803-EF0BACF4D894}.Release|Any CPU.Build.0 = Release|Any CPU
		{E0A53748-946D-4059-905D-419A6B7B9BDE}.Debug|Any CPU.ActiveCfg = Debug|Any CPU
		{E0A53748-946D-4059-905D-419A6B7B9BDE}.Debug|Any CPU.Build.0 = Debug|Any CPU
		{E0A53748-946D-4059-905D-419A6B7B9BDE}.Release|Any CPU.ActiveCfg = Release|Any CPU
		{E0A53748-946D-4059-905D-419A6B7B9BDE}.Release|Any CPU.Build.0 = Release|Any CPU
	EndGlobalSection
	GlobalSection(SolutionProperties) = preSolution
		HideSolutionNode = FALSE
	EndGlobalSection
	GlobalSection(ExtensibilityGlobals) = postSolution
		SolutionGuid = {1AA38038-43BB-4A43-987E-7AA285496B3A}
	EndGlobalSection
EndGlobal
